
Microsoft Visual Studio Solution File, Format Version 12.00
# Visual Studio Version 16
VisualStudioVersion = 16.0.30011.22
MinimumVisualStudioVersion = 10.0.40219.1
Project("{8BC9CEB8-8B4A-11D0-8D11-00A0C91BC942}") = "Presentation", "Presentation\Presentation.vcxproj", "{9678B2C8-8DCE-4EA2-885C-69741A9D3AD3}"
EndProject
Global
	GlobalSection(SolutionConfigurationPlatforms) = preSolution
		Debug|x64 = Debug|x64
		Debug|x86 = Debug|x86
		Release|x64 = Release|x64
		Release|x86 = Release|x86
	EndGlobalSection
	GlobalSection(ProjectConfigurationPlatforms) = postSolution
		{9678B2C8-8DCE-4EA2-885C-69741A9D3AD3}.Debug|x64.ActiveCfg = Debug|x64
		{9678B2C8-8DCE-4EA2-885C-69741A9D3AD3}.Debug|x64.Build.0 = Debug|x64
		{9678B2C8-8DCE-4EA2-885C-69741A9D3AD3}.Debug|x86.ActiveCfg = Debug|Win32
		{9678B2C8-8DCE-4EA2-885C-69741A9D3AD3}.Debug|x86.Build.0 = Debug|Win32
		{9678B2C8-8DCE-4EA2-885C-69741A9D3AD3}.Release|x64.ActiveCfg = Release|x64
		{9678B2C8-8DCE-4EA2-885C-69741A9D3AD3}.Release|x64.Build.0 = Release|x64
		{9678B2C8-8DCE-4EA2-885C-69741A9D3AD3}.Release|x86.ActiveCfg = Release|Win32
		{9678B2C8-8DCE-4EA2-885C-69741A9D3AD3}.Release|x86.Build.0 = Release|Win32
	EndGlobalSection
	GlobalSection(SolutionProperties) = preSolution
		HideSolutionNode = FALSE
	EndGlobalSection
	GlobalSection(ExtensibilityGlobals) = postSolution
		SolutionGuid = {03C05E85-5CE4-4AEE-B54A-01FED2F3E5DF}
	EndGlobalSection
EndGlobal
